
Microsoft Visual Studio Solution File, Format Version 12.00
# Visual Studio Version 16
VisualStudioVersion = 16.0.31005.135
MinimumVisualStudioVersion = 10.0.40219.1
Project("{8BC9CEB8-8B4A-11D0-8D11-00A0C91BC942}") = "лаба13", "лаба13\лаба13.vcxproj", "{5F0803B8-24AF-4326-A431-8393CDAF7409}"
EndProject
Global
	GlobalSection(SolutionConfigurationPlatforms) = preSolution
		Debug|x64 = Debug|x64
		Debug|x86 = Debug|x86
		Head.h|x64 = Head.h|x64
		Head.h|x86 = Head.h|x86
		Release|x64 = Release|x64
		Release|x86 = Release|x86
	EndGlobalSection
	GlobalSection(ProjectConfigurationPlatforms) = postSolution
		{5F0803B8-24AF-4326-A431-8393CDAF7409}.Debug|x64.ActiveCfg = Debug|x64
		{5F0803B8-24AF-4326-A431-8393CDAF7409}.Debug|x64.Build.0 = Debug|x64
		{5F0803B8-24AF-4326-A431-8393CDAF7409}.Debug|x86.ActiveCfg = Debug|Win32
		{5F0803B8-24AF-4326-A431-8393CDAF7409}.Debug|x86.Build.0 = Debug|Win32
		{5F0803B8-24AF-4326-A431-8393CDAF7409}.Head.h|x64.ActiveCfg = Head.h|x64
		{5F0803B8-24AF-4326-A431-8393CDAF7409}.Head.h|x64.Build.0 = Head.h|x64
		{5F0803B8-24AF-4326-A431-8393CDAF7409}.Head.h|x86.ActiveCfg = Head.h|Win32
		{5F0803B8-24AF-4326-A431-8393CDAF7409}.Head.h|x86.Build.0 = Head.h|Win32
		{5F0803B8-24AF-4326-A431-8393CDAF7409}.Release|x64.ActiveCfg = Release|x64
		{5F0803B8-24AF-4326-A431-8393CDAF7409}.Release|x64.Build.0 = Release|x64
		{5F0803B8-24AF-4326-A431-8393CDAF7409}.Release|x86.ActiveCfg = Release|Win32
		{5F0803B8-24AF-4326-A431-8393CDAF7409}.Release|x86.Build.0 = Release|Win32
	EndGlobalSection
	GlobalSection(SolutionProperties) = preSolution
		HideSolutionNode = FALSE
	EndGlobalSection
	GlobalSection(ExtensibilityGlobals) = postSolution
		SolutionGuid = {C33FDBA1-E458-465A-BAE5-8D0A1889E905}
	EndGlobalSection
EndGlobal
